{
  "name": "caveat-adoption-trial",
  "version": "1.0.0",
  "lockfileVersion": 3,
  "requires": true,
  "packages": {
    "": {
      "name": "caveat-adoption-trial",
      "version": "1.0.0",
      "dependencies": {
        "caveat-lang": "file:../inputs/caveat-lang-0.1.0-rc.7.tgz"
      }
    },
    "node_modules/caveat-lang": {
      "version": "0.1.0-rc.7",
      "resolved": "file:../inputs/caveat-lang-0.1.0-rc.7.tgz",
      "integrity": "sha512-z6XNLl41R1HCelAVLeCPhlrWUOgXWO/2h5F+bqON3z1ULwxwtpoma8Y2eqBrAx/I4CF6+PmxT+xq3+Fyz71qRQ==",
      "license": "MIT",
      "bin": {
        "caveat": "bin/caveat.mjs",
        "caveat-lang": "bin/caveat.mjs"
      },
      "engines": {
        "node": ">=20"
      }
    }
  }
}
