{
  "name": "caveat-agent-decisions",
  "lockfileVersion": 3,
  "requires": true,
  "packages": {
    "": {
      "name": "caveat-agent-decisions",
      "dependencies": {
        "caveat-lang": "0.1.0-rc.15"
      }
    },
    "node_modules/caveat-lang": {
      "version": "0.1.0-rc.15",
      "resolved": "https://registry.npmjs.org/caveat-lang/-/caveat-lang-0.1.0-rc.15.tgz",
      "integrity": "sha512-5nuNBM/i5ZXmYYOIfnzr+JM4/LZY6xQNmrSfhe20rUW5+wDe9YD2yyWsk1CC+N5VRqcvPsk7vvh0GSXZFDgBHQ==",
      "license": "MIT",
      "bin": {
        "caveat": "bin/caveat.mjs",
        "caveat-lang": "bin/caveat.mjs"
      },
      "engines": {
        "node": ">=20"
      }
    }
  }
}
